
Microsoft Visual Studio Solution File, Format Version 12.00
# Visual Studio Version 16
VisualStudioVersion = 16.0.31025.194
MinimumVisualStudioVersion = 10.0.40219.1
Project("{FAE04EC0-301F-11D3-BF4B-00C04F79EFBC}") = "appgestiopersonnelsoma", "appgestiopersonnelsoma\appgestiopersonnelsoma.csproj", "{889FC6B0-34DD-4D69-9046-AA826D51EE09}"
EndProject
Global
	GlobalSection(SolutionConfigurationPlatforms) = preSolution
		Debug|Any CPU = Debug|Any CPU
		Release|Any CPU = Release|Any CPU
	EndGlobalSection
	GlobalSection(ProjectConfigurationPlatforms) = postSolution
		{889FC6B0-34DD-4D69-9046-AA826D51EE09}.Debug|Any CPU.ActiveCfg = Debug|Any CPU
		{889FC6B0-34DD-4D69-9046-AA826D51EE09}.Debug|Any CPU.Build.0 = Debug|Any CPU
		{889FC6B0-34DD-4D69-9046-AA826D51EE09}.Release|Any CPU.ActiveCfg = Release|Any CPU
		{889FC6B0-34DD-4D69-9046-AA826D51EE09}.Release|Any CPU.Build.0 = Release|Any CPU
	EndGlobalSection
	GlobalSection(SolutionProperties) = preSolution
		HideSolutionNode = FALSE
	EndGlobalSection
	GlobalSection(ExtensibilityGlobals) = postSolution
		SolutionGuid = {6C3BF145-E51B-4D3F-B0CC-07508DA6EA7F}
	EndGlobalSection
EndGlobal
